
Microsoft Visual Studio Solution File, Format Version 12.00
# Visual Studio 15
VisualStudioVersion = 15.0.27130.2024
MinimumVisualStudioVersion = 10.0.40219.1
Project("{FAE04EC0-301F-11D3-BF4B-00C04F79EFBC}") = "WebApp", "WebApp\WebApp.csproj", "{A9EA3C2B-59E6-4014-A4E8-C854BBA52AFF}"
EndProject
Global
	GlobalSection(SolutionConfigurationPlatforms) = preSolution
		Debug|Any CPU = Debug|Any CPU
		Release|Any CPU = Release|Any CPU
	EndGlobalSection
	GlobalSection(ProjectConfigurationPlatforms) = postSolution
		{A9EA3C2B-59E6-4014-A4E8-C854BBA52AFF}.Debug|Any CPU.ActiveCfg = Debug|Any CPU
		{A9EA3C2B-59E6-4014-A4E8-C854BBA52AFF}.Debug|Any CPU.Build.0 = Debug|Any CPU
		{A9EA3C2B-59E6-4014-A4E8-C854BBA52AFF}.Release|Any CPU.ActiveCfg = Release|Any CPU
		{A9EA3C2B-59E6-4014-A4E8-C854BBA52AFF}.Release|Any CPU.Build.0 = Release|Any CPU
	EndGlobalSection
	GlobalSection(SolutionProperties) = preSolution
		HideSolutionNode = FALSE
	EndGlobalSection
	GlobalSection(ExtensibilityGlobals) = postSolution
		SolutionGuid = {CCF96F90-E413-4EA4-854F-C557F8DE0DAB}
	EndGlobalSection
EndGlobal
